
Microsoft Visual Studio Solution File, Format Version 12.00
# Visual Studio 15
VisualStudioVersion = 15.0.28010.2046
MinimumVisualStudioVersion = 10.0.40219.1
Project("{FAE04EC0-301F-11D3-BF4B-00C04F79EFBC}") = "HolaMundo", "HolaMundo\HolaMundo.csproj", "{CEAE129B-99AA-4680-84D5-E469CD755A15}"
EndProject
Global
	GlobalSection(SolutionConfigurationPlatforms) = preSolution
		Debug|Any CPU = Debug|Any CPU
		Release|Any CPU = Release|Any CPU
	EndGlobalSection
	GlobalSection(ProjectConfigurationPlatforms) = postSolution
		{CEAE129B-99AA-4680-84D5-E469CD755A15}.Debug|Any CPU.ActiveCfg = Debug|Any CPU
		{CEAE129B-99AA-4680-84D5-E469CD755A15}.Debug|Any CPU.Build.0 = Debug|Any CPU
		{CEAE129B-99AA-4680-84D5-E469CD755A15}.Release|Any CPU.ActiveCfg = Release|Any CPU
		{CEAE129B-99AA-4680-84D5-E469CD755A15}.Release|Any CPU.Build.0 = Release|Any CPU
	EndGlobalSection
	GlobalSection(SolutionProperties) = preSolution
		HideSolutionNode = FALSE
	EndGlobalSection
	GlobalSection(ExtensibilityGlobals) = postSolution
		SolutionGuid = {6D071C18-BAEC-4A43-9B3C-1842A4F9DEA4}
	EndGlobalSection
EndGlobal
